
Microsoft Visual Studio Solution File, Format Version 12.00
# Visual Studio Version 17
VisualStudioVersion = 17.14.36616.10 d17.14
MinimumVisualStudioVersion = 10.0.40219.1
Project("{FAE04EC0-301F-11D3-BF4B-00C04F79EFBC}") = "ContactFormApp", "ContactFormApp\ContactFormApp.csproj", "{E83EC0E6-EC81-440A-BCF5-0C6D043E798F}"
EndProject
Global
	GlobalSection(SolutionConfigurationPlatforms) = preSolution
		Debug|Any CPU = Debug|Any CPU
		Release|Any CPU = Release|Any CPU
	EndGlobalSection
	GlobalSection(ProjectConfigurationPlatforms) = postSolution
		{E83EC0E6-EC81-440A-BCF5-0C6D043E798F}.Debug|Any CPU.ActiveCfg = Debug|Any CPU
		{E83EC0E6-EC81-440A-BCF5-0C6D043E798F}.Debug|Any CPU.Build.0 = Debug|Any CPU
		{E83EC0E6-EC81-440A-BCF5-0C6D043E798F}.Release|Any CPU.ActiveCfg = Release|Any CPU
		{E83EC0E6-EC81-440A-BCF5-0C6D043E798F}.Release|Any CPU.Build.0 = Release|Any CPU
	EndGlobalSection
	GlobalSection(SolutionProperties) = preSolution
		HideSolutionNode = FALSE
	EndGlobalSection
	GlobalSection(ExtensibilityGlobals) = postSolution
		SolutionGuid = {87DAE851-0C49-45F7-88AC-DABCBAB3857B}
	EndGlobalSection
EndGlobal
